
Microsoft Visual Studio Solution File, Format Version 12.00
# Visual Studio Version 17
VisualStudioVersion = 17.3.32922.545
MinimumVisualStudioVersion = 10.0.40219.1
Project("{FAE04EC0-301F-11D3-BF4B-00C04F79EFBC}") = "Line Comparison Problem", "Line Comparison Problem\Line Comparison Problem.csproj", "{B0342A8C-A4C5-4E0E-ADE9-1BF51802114C}"
EndProject
Global
	GlobalSection(SolutionConfigurationPlatforms) = preSolution
		Debug|Any CPU = Debug|Any CPU
		Release|Any CPU = Release|Any CPU
	EndGlobalSection
	GlobalSection(ProjectConfigurationPlatforms) = postSolution
		{B0342A8C-A4C5-4E0E-ADE9-1BF51802114C}.Debug|Any CPU.ActiveCfg = Debug|Any CPU
		{B0342A8C-A4C5-4E0E-ADE9-1BF51802114C}.Debug|Any CPU.Build.0 = Debug|Any CPU
		{B0342A8C-A4C5-4E0E-ADE9-1BF51802114C}.Release|Any CPU.ActiveCfg = Release|Any CPU
		{B0342A8C-A4C5-4E0E-ADE9-1BF51802114C}.Release|Any CPU.Build.0 = Release|Any CPU
	EndGlobalSection
	GlobalSection(SolutionProperties) = preSolution
		HideSolutionNode = FALSE
	EndGlobalSection
	GlobalSection(ExtensibilityGlobals) = postSolution
		SolutionGuid = {FA1AD6FE-2014-4395-B6E1-4FD5FACDB2F0}
	EndGlobalSection
EndGlobal
